
Microsoft Visual Studio Solution File, Format Version 12.00
# Visual Studio Version 17
VisualStudioVersion = 17.8.34330.188
MinimumVisualStudioVersion = 10.0.40219.1
Project("{9A19103F-16F7-4668-BE54-9A1E7A4F7556}") = "HotelListing", "HotelListing\HotelListing.csproj", "{C4527671-FE2D-4510-A0F1-49A61D73EC9F}"
EndProject
Project("{FAE04EC0-301F-11D3-BF4B-00C04F79EFBC}") = "HotelListing.Data", "HotelListing.Data\HotelListing.Data.csproj", "{CA60B25C-8991-4FE6-8CC1-A4B6168CEBBC}"
EndProject
Project("{FAE04EC0-301F-11D3-BF4B-00C04F79EFBC}") = "HotelListing.Core", "HotelListing.Core\HotelListing.Core.csproj", "{E71AC386-6F59-4522-906D-DA90835E665C}"
EndProject
Global
	GlobalSection(SolutionConfigurationPlatforms) = preSolution
		Debug|Any CPU = Debug|Any CPU
		Release|Any CPU = Release|Any CPU
	EndGlobalSection
	GlobalSection(ProjectConfigurationPlatforms) = postSolution
		{C4527671-FE2D-4510-A0F1-49A61D73EC9F}.Debug|Any CPU.ActiveCfg = Debug|Any CPU
		{C4527671-FE2D-4510-A0F1-49A61D73EC9F}.Debug|Any CPU.Build.0 = Debug|Any CPU
		{C4527671-FE2D-4510-A0F1-49A61D73EC9F}.Release|Any CPU.ActiveCfg = Release|Any CPU
		{C4527671-FE2D-4510-A0F1-49A61D73EC9F}.Release|Any CPU.Build.0 = Release|Any CPU
		{CA60B25C-8991-4FE6-8CC1-A4B6168CEBBC}.Debug|Any CPU.ActiveCfg = Debug|Any CPU
		{CA60B25C-8991-4FE6-8CC1-A4B6168CEBBC}.Debug|Any CPU.Build.0 = Debug|Any CPU
		{CA60B25C-8991-4FE6-8CC1-A4B6168CEBBC}.Release|Any CPU.ActiveCfg = Release|Any CPU
		{CA60B25C-8991-4FE6-8CC1-A4B6168CEBBC}.Release|Any CPU.Build.0 = Release|Any CPU
		{E71AC386-6F59-4522-906D-DA90835E665C}.Debug|Any CPU.ActiveCfg = Debug|Any CPU
		{E71AC386-6F59-4522-906D-DA90835E665C}.Debug|Any CPU.Build.0 = Debug|Any CPU
		{E71AC386-6F59-4522-906D-DA90835E665C}.Release|Any CPU.ActiveCfg = Release|Any CPU
		{E71AC386-6F59-4522-906D-DA90835E665C}.Release|Any CPU.Build.0 = Release|Any CPU
	EndGlobalSection
	GlobalSection(SolutionProperties) = preSolution
		HideSolutionNode = FALSE
	EndGlobalSection
	GlobalSection(ExtensibilityGlobals) = postSolution
		SolutionGuid = {95ACBA2F-F3EF-493B-8BD7-D5C8BE65BCED}
	EndGlobalSection
EndGlobal
